# THIS IS AN AUTOGENERATED FILE. DO NOT EDIT THIS FILE DIRECTLY.
# yarn lockfile v1


"@techtrain/cli-railway@0.1.6":
  version "0.1.6"
  resolved "https://registry.yarnpkg.com/@techtrain/cli-railway/-/cli-railway-0.1.6.tgz#4c068e6713bbb302b37eac64bdf5b4721b9273a6"
  integrity sha512-ePyK/TIidF/4/01uBj3nZKOT4/0vt9iCAIB1nqRr5l3NPtCylsifXCagsGXAads0GK2jD65E0ajg6oBNpKXT1w==

simple-git-hooks@^2.5.1:
  version "2.6.1"
  resolved "https://registry.yarnpkg.com/simple-git-hooks/-/simple-git-hooks-2.6.1.tgz#0843d7ad7d3be3bb877b86f218d0abea87611584"
  integrity sha512-nvqaNfgvcjN3cGSYJSdjwB+tP8YKRCyvuUvQ24luIjIpGhUCPpZDTJ+p+hcJiwc0lZlTCl0NayfBVDoIMG7Jpg==
