# THIS IS AN AUTOGENERATED FILE. DO NOT EDIT THIS FILE DIRECTLY.
# yarn lockfile v1


"@techtrain/cli-railway@0.1.5":
  version "0.1.5"
  resolved "https://registry.yarnpkg.com/@techtrain/cli-railway/-/cli-railway-0.1.5.tgz#610b5b3dcc2115f905609eb2c9fdf8d640bbf6ec"
  integrity sha512-LSuuv666ZSbPqMn89piObvV0yrKpADrlD8S4VEbbhdGiU5eBVqTjOmlZyADN4W0E0zfWzZPY4UWzAwT4QwprJA==

simple-git-hooks@^2.5.1:
  version "2.6.1"
  resolved "https://registry.yarnpkg.com/simple-git-hooks/-/simple-git-hooks-2.6.1.tgz#0843d7ad7d3be3bb877b86f218d0abea87611584"
  integrity sha512-nvqaNfgvcjN3cGSYJSdjwB+tP8YKRCyvuUvQ24luIjIpGhUCPpZDTJ+p+hcJiwc0lZlTCl0NayfBVDoIMG7Jpg==
